// !$*UTF8*$!
{
	archiveVersion = 1;
	classes = {
	};
	objectVersion = 55;
	objects = {

/* Begin PBXBuildFile section */
		B015E74127A9C0C200B8CC91 /* AppDelegate.swift in Sources */ = {isa = PBXBuildFile; fileRef = B015E74027A9C0C200B8CC91 /* AppDelegate.swift */; };
		B015E74327A9C0C200B8CC91 /* SceneDelegate.swift in Sources */ = {isa = PBXBuildFile; fileRef = B015E74227A9C0C200B8CC91 /* SceneDelegate.swift */; };
		B015E74527A9C0C200B8CC91 /* ViewController.swift in Sources */ = {isa = PBXBuildFile; fileRef = B015E74427A9C0C200B8CC91 /* ViewController.swift */; };
		B015E74827A9C0C200B8CC91 /* Main.storyboard in Resources */ = {isa = PBXBuildFile; fileRef = B015E74627A9C0C200B8CC91 /* Main.storyboard */; };
		B015E74A27A9C0C800B8CC91 /* Assets.xcassets in Resources */ = {isa = PBXBuildFile; fileRef = B015E74927A9C0C800B8CC91 /* Assets.xcassets */; };
		B015E74D27A9C0C800B8CC91 /* LaunchScreen.storyboard in Resources */ = {isa = PBXBuildFile; fileRef = B015E74B27A9C0C800B8CC91 /* LaunchScreen.storyboard */; };
		B015E75527A9C35F00B8CC91 /* detailsVC.swift in Sources */ = {isa = PBXBuildFile; fileRef = B015E75427A9C35F00B8CC91 /* detailsVC.swift */; };
		B015E75727A9C9FE00B8CC91 /* Simpson.swift in Sources */ = {isa = PBXBuildFile; fileRef = B015E75627A9C9FE00B8CC91 /* Simpson.swift */; };
/* End PBXBuildFile section */

/* Begin PBXFileReference section */
		B015E73D27A9C0C200B8CC91 /* SimpsonsBook.app */ = {isa = PBXFileReference; explicitFileType = wrapper.application; includeInIndex = 0; path = SimpsonsBook.app; sourceTree = BUILT_PRODUCTS_DIR; };
		B015E74027A9C0C200B8CC91 /* AppDelegate.swift */ = {isa = PBXFileReference; lastKnownFileType = sourcecode.swift; path = AppDelegate.swift; sourceTree = "<group>"; };
		B015E74227A9C0C200B8CC91 /* SceneDelegate.swift */ = {isa = PBXFileReference; lastKnownFileType = sourcecode.swift; path = SceneDelegate.swift; sourceTree = "<group>"; };
		B015E74427A9C0C200B8CC91 /* ViewController.swift */ = {isa = PBXFileReference; lastKnownFileType = sourcecode.swift; path = ViewController.swift; sourceTree = "<group>"; };
		B015E74727A9C0C200B8CC91 /* Base */ = {isa = PBXFileReference; lastKnownFileType = file.storyboard; name = Base; path = Base.lproj/Main.storyboard; sourceTree = "<group>"; };
		B015E74927A9C0C800B8CC91 /* Assets.xcassets */ = {isa = PBXFileReference; lastKnownFileType = folder.assetcatalog; path = Assets.xcassets; sourceTree = "<group>"; };
		B015E74C27A9C0C800B8CC91 /* Base */ = {isa = PBXFileReference; lastKnownFileType = file.storyboard; name = Base; path = Base.lproj/LaunchScreen.storyboard; sourceTree = "<group>"; };
		B015E74E27A9C0C800B8CC91 /* Info.plist */ = {isa = PBXFileReference; lastKnownFileType = text.plist.xml; path = Info.plist; sourceTree = "<group>"; };
		B015E75427A9C35F00B8CC91 /* detailsVC.swift */ = {isa = PBXFileReference; lastKnownFileType = sourcecode.swift; path = detailsVC.swift; sourceTree = "<group>"; };
		B015E75627A9C9FE00B8CC91 /* Simpson.swift */ = {isa = PBXFileReference; lastKnownFileType = sourcecode.swift; path = Simpson.swift; sourceTree = "<group>"; };
/* End PBXFileReference section */

/* Begin PBXFrameworksBuildPhase section */
		B015E73A27A9C0C200B8CC91 /* Frameworks */ = {
			isa = PBXFrameworksBuildPhase;
			buildActionMask = 2147483647;
			files = (
			);
			runOnlyForDeploymentPostprocessing = 0;
		};
/* End PBXFrameworksBuildPhase section */

/* Begin PBXGroup section */
		B015E73427A9C0C200B8CC91 = {
			isa = PBXGroup;
			children = (
				B015E73F27A9C0C200B8CC91 /* SimpsonsBook */,
				B015E73E27A9C0C200B8CC91 /* Products */,
			);
			sourceTree = "<group>";
		};
		B015E73E27A9C0C200B8CC91 /* Products */ = {
			isa = PBXGroup;
			children = (
				B015E73D27A9C0C200B8CC91 /* SimpsonsBook.app */,
			);
			name = Products;
			sourceTree = "<group>";
		};
		B015E73F27A9C0C200B8CC91 /* SimpsonsBook */ = {
			isa = PBXGroup;
			children = (
				B015E74027A9C0C200B8CC91 /* AppDelegate.swift */,
				B015E74227A9C0C200B8CC91 /* SceneDelegate.swift */,
				B015E74427A9C0C200B8CC91 /* ViewController.swift */,
				B015E75427A9C35F00B8CC91 /* detailsVC.swift */,
				B015E75627A9C9FE00B8CC91 /* Simpson.swift */,
				B015E74627A9C0C200B8CC91 /* Main.storyboard */,
				B015E74927A9C0C800B8CC91 /* Assets.xcassets */,
				B015E74B27A9C0C800B8CC91 /* LaunchScreen.storyboard */,
				B015E74E27A9C0C800B8CC91 /* Info.plist */,
			);
			path = SimpsonsBook;
			sourceTree = "<group>";
		};
/* End PBXGroup section */

/* Begin PBXNativeTarget section */
		B015E73C27A9C0C200B8CC91 /* SimpsonsBook */ = {
			isa = PBXNativeTarget;
			buildConfigurationList = B015E75127A9C0C800B8CC91 /* Build configuration list for PBXNativeTarget "SimpsonsBook" */;
			buildPhases = (
				B015E73927A9C0C200B8CC91 /* Sources */,
				B015E73A27A9C0C200B8CC91 /* Frameworks */,
				B015E73B27A9C0C200B8CC91 /* Resources */,
			);
			buildRules = (
			);
			dependencies = (
			);
			name = SimpsonsBook;
			productName = SimpsonsBook;
			productReference = B015E73D27A9C0C200B8CC91 /* SimpsonsBook.app */;
			productType = "com.apple.product-type.application";
		};
/* End PBXNativeTarget section */

/* Begin PBXProject section */
		B015E73527A9C0C200B8CC91 /* Project object */ = {
			isa = PBXProject;
			attributes = {
				BuildIndependentTargetsInParallel = 1;
				LastSwiftUpdateCheck = 1320;
				LastUpgradeCheck = 1320;
				TargetAttributes = {
					B015E73C27A9C0C200B8CC91 = {
						CreatedOnToolsVersion = 13.2.1;
					};
				};
			};
			buildConfigurationList = B015E73827A9C0C200B8CC91 /* Build configuration list for PBXProject "SimpsonsBook" */;
			compatibilityVersion = "Xcode 13.0";
			developmentRegion = en;
			hasScannedForEncodings = 0;
			knownRegions = (
				en,
				Base,
			);
			mainGroup = B015E73427A9C0C200B8CC91;
			productRefGroup = B015E73E27A9C0C200B8CC91 /* Products */;
			projectDirPath = "";
			projectRoot = "";
			targets = (
				B015E73C27A9C0C200B8CC91 /* SimpsonsBook */,
			);
		};
/* End PBXProject section */

/* Begin PBXResourcesBuildPhase section */
		B015E73B27A9C0C200B8CC91 /* Resources */ = {
			isa = PBXResourcesBuildPhase;
			buildActionMask = 2147483647;
			files = (
				B015E74D27A9C0C800B8CC91 /* LaunchScreen.storyboard in Resources */,
				B015E74A27A9C0C800B8CC91 /* Assets.xcassets in Resources */,
				B015E74827A9C0C200B8CC91 /* Main.storyboard in Resources */,
			);
			runOnlyForDeploymentPostprocessing = 0;
		};
/* End PBXResourcesBuildPhase section */

/* Begin PBXSourcesBuildPhase section */
		B015E73927A9C0C200B8CC91 /* Sources */ = {
			isa = PBXSourcesBuildPhase;
			buildActionMask = 2147483647;
			files = (
				B015E74527A9C0C200B8CC91 /* ViewController.swift in Sources */,
				B015E75527A9C35F00B8CC91 /* detailsVC.swift in Sources */,
				B015E74127A9C0C200B8CC91 /* AppDelegate.swift in Sources */,
				B015E74327A9C0C200B8CC91 /* SceneDelegate.swift in Sources */,
				B015E75727A9C9FE00B8CC91 /* Simpson.swift in Sources */,
			);
			runOnlyForDeploymentPostprocessing = 0;
		};
/* End PBXSourcesBuildPhase section */

/* Begin PBXVariantGroup section */
		B015E74627A9C0C200B8CC91 /* Main.storyboard */ = {
			isa = PBXVariantGroup;
			children = (
				B015E74727A9C0C200B8CC91 /* Base */,
			);
			name = Main.storyboard;
			sourceTree = "<group>";
		};
		B015E74B27A9C0C800B8CC91 /* LaunchScreen.storyboard */ = {
			isa = PBXVariantGroup;
			children = (
				B015E74C27A9C0C800B8CC91 /* Base */,
			);
			name = LaunchScreen.storyboard;
			sourceTree = "<group>";
		};
/* End PBXVariantGroup section */

/* Begin XCBuildConfiguration section */
		B015E74F27A9C0C800B8CC91 /* Debug */ = {
			isa = XCBuildConfiguration;
			buildSettings = {
				ALWAYS_SEARCH_USER_PATHS = NO;
				CLANG_ANALYZER_NONNULL = YES;
				CLANG_ANALYZER_NUMBER_OBJECT_CONVERSION = YES_AGGRESSIVE;
				CLANG_CXX_LANGUAGE_STANDARD = "gnu++17";
				CLANG_CXX_LIBRARY = "libc++";
				CLANG_ENABLE_MODULES = YES;
				CLANG_ENABLE_OBJC_ARC = YES;
				CLANG_ENABLE_OBJC_WEAK = YES;
				CLANG_WARN_BLOCK_CAPTURE_AUTORELEASING = YES;
				CLANG_WARN_BOOL_CONVERSION = YES;
				CLANG_WARN_COMMA = YES;
				CLANG_WARN_CONSTANT_CONVERSION = YES;
				CLANG_WARN_DEPRECATED_OBJC_IMPLEMENTATIONS = YES;
				CLANG_WARN_DIRECT_OBJC_ISA_USAGE = YES_ERROR;
				CLANG_WARN_DOCUMENTATION_COMMENTS = YES;
				CLANG_WARN_EMPTY_BODY = YES;
				CLANG_WARN_ENUM_CONVERSION = YES;
				CLANG_WARN_INFINITE_RECURSION = YES;
				CLANG_WARN_INT_CONVERSION = YES;
				CLANG_WARN_NON_LITERAL_NULL_CONVERSION = YES;
				CLANG_WARN_OBJC_IMPLICIT_RETAIN_SELF = YES;
				CLANG_WARN_OBJC_LITERAL_CONVERSION = YES;
				CLANG_WARN_OBJC_ROOT_CLASS = YES_ERROR;
				CLANG_WARN_QUOTED_INCLUDE_IN_FRAMEWORK_HEADER = YES;
				CLANG_WARN_RANGE_LOOP_ANALYSIS = YES;
				CLANG_WARN_STRICT_PROTOTYPES = YES;
				CLANG_WARN_SUSPICIOUS_MOVE = YES;
				CLANG_WARN_UNGUARDED_AVAILABILITY = YES_AGGRESSIVE;
				CLANG_WARN_UNREACHABLE_CODE = YES;
				CLANG_WARN__DUPLICATE_METHOD_MATCH = YES;
				COPY_PHASE_STRIP = NO;
				DEBUG_INFORMATION_FORMAT = dwarf;
				ENABLE_STRICT_OBJC_MSGSEND = YES;
				ENABLE_TESTABILITY = YES;
				GCC_C_LANGUAGE_STANDARD = gnu11;
				GCC_DYNAMIC_NO_PIC = NO;
				GCC_NO_COMMON_BLOCKS = YES;
				GCC_OPTIMIZATION_LEVEL = 0;
				GCC_PREPROCESSOR_DEFINITIONS = (
					"DEBUG=1",
					"$(inherited)",
				);
				GCC_WARN_64_TO_32_BIT_CONVERSION = YES;
				GCC_WARN_ABOUT_RETURN_TYPE = YES_ERROR;
				GCC_WARN_UNDECLARED_SELECTOR = YES;
				GCC_WARN_UNINITIALIZED_AUTOS = YES_AGGRESSIVE;
				GCC_WARN_UNUSED_FUNCTION = YES;
				GCC_WARN_UNUSED_VARIABLE = YES;
				IPHONEOS_DEPLOYMENT_TARGET = 15.2;
				MTL_ENABLE_DEBUG_INFO = INCLUDE_SOURCE;
				MTL_FAST_MATH = YES;
				ONLY_ACTIVE_ARCH = YES;
				SDKROOT = iphoneos;
				SWIFT_ACTIVE_COMPILATION_CONDITIONS = DEBUG;
				SWIFT_OPTIMIZATION_LEVEL = "-Onone";
			};
			name = Debug;
		};
		B015E75027A9C0C800B8CC91 /* Release */ = {
			isa = XCBuildConfiguration;
			buildSettings = {
				ALWAYS_SEARCH_USER_PATHS = NO;
				CLANG_ANALYZER_NONNULL = YES;
				CLANG_ANALYZER_NUMBER_OBJECT_CONVERSION = YES_AGGRESSIVE;
				CLANG_CXX_LANGUAGE_STANDARD = "gnu++17";
				CLANG_CXX_LIBRARY = "libc++";
				CLANG_ENABLE_MODULES = YES;
				CLANG_ENABLE_OBJC_ARC = YES;
				CLANG_ENABLE_OBJC_WEAK = YES;
				CLANG_WARN_BLOCK_CAPTURE_AUTORELEASING = YES;
				CLANG_WARN_BOOL_CONVERSION = YES;
				CLANG_WARN_COMMA = YES;
				CLANG_WARN_CONSTANT_CONVERSION = YES;
				CLANG_WARN_DEPRECATED_OBJC_IMPLEMENTATIONS = YES;
				CLANG_WARN_DIRECT_OBJC_ISA_USAGE = YES_ERROR;
				CLANG_WARN_DOCUMENTATION_COMMENTS = YES;
				CLANG_WARN_EMPTY_BODY = YES;
				CLANG_WARN_ENUM_CONVERSION = YES;
				CLANG_WARN_INFINITE_RECURSION = YES;
				CLANG_WARN_INT_CONVERSION = YES;
				CLANG_WARN_NON_LITERAL_NULL_CONVERSION = YES;
				CLANG_WARN_OBJC_IMPLICIT_RETAIN_SELF = YES;
				CLANG_WARN_OBJC_LITERAL_CONVERSION = YES;
				CLANG_WARN_OBJC_ROOT_CLASS = YES_ERROR;
				CLANG_WARN_QUOTED_INCLUDE_IN_FRAMEWORK_HEADER = YES;
				CLANG_WARN_RANGE_LOOP_ANALYSIS = YES;
				CLANG_WARN_STRICT_PROTOTYPES = YES;
				CLANG_WARN_SUSPICIOUS_MOVE = YES;
				CLANG_WARN_UNGUARDED_AVAILABILITY = YES_AGGRESSIVE;
				CLANG_WARN_UNREACHABLE_CODE = YES;
				CLANG_WARN__DUPLICATE_METHOD_MATCH = YES;
				COPY_PHASE_STRIP = NO;
				DEBUG_INFORMATION_FORMAT = "dwarf-with-dsym";
				ENABLE_NS_ASSERTIONS = NO;
				ENABLE_STRICT_OBJC_MSGSEND = YES;
				GCC_C_LANGUAGE_STANDARD = gnu11;
				GCC_NO_COMMON_BLOCKS = YES;
				GCC_WARN_64_TO_32_BIT_CONVERSION = YES;
				GCC_WARN_ABOUT_RETURN_TYPE = YES_ERROR;
				GCC_WARN_UNDECLARED_SELECTOR = YES;
				GCC_WARN_UNINITIALIZED_AUTOS = YES_AGGRESSIVE;
				GCC_WARN_UNUSED_FUNCTION = YES;
				GCC_WARN_UNUSED_VARIABLE = YES;
				IPHONEOS_DEPLOYMENT_TARGET = 15.2;
				MTL_ENABLE_DEBUG_INFO = NO;
				MTL_FAST_MATH = YES;
				SDKROOT = iphoneos;
				SWIFT_COMPILATION_MODE = wholemodule;
				SWIFT_OPTIMIZATION_LEVEL = "-O";
				VALIDATE_PRODUCT = YES;
			};
			name = Release;
		};
		B015E75227A9C0C800B8CC91 /* Debug */ = {
			isa = XCBuildConfiguration;
			buildSettings = {
				ASSETCATALOG_COMPILER_APPICON_NAME = AppIcon;
				ASSETCATALOG_COMPILER_GLOBAL_ACCENT_COLOR_NAME = AccentColor;
				CODE_SIGN_STYLE = Automatic;
				CURRENT_PROJECT_VERSION = 1;
				DEVELOPMENT_TEAM = PY66347PQJ;
				GENERATE_INFOPLIST_FILE = YES;
				INFOPLIST_FILE = SimpsonsBook/Info.plist;
				INFOPLIST_KEY_UIApplicationSupportsIndirectInputEvents = YES;
				INFOPLIST_KEY_UILaunchStoryboardName = LaunchScreen;
				INFOPLIST_KEY_UIMainStoryboardFile = Main;
				INFOPLIST_KEY_UISupportedInterfaceOrientations_iPad = "UIInterfaceOrientationPortrait UIInterfaceOrientationPortraitUpsideDown UIInterfaceOrientationLandscapeLeft UIInterfaceOrientationLandscapeRight";
				INFOPLIST_KEY_UISupportedInterfaceOrientations_iPhone = "UIInterfaceOrientationPortrait UIInterfaceOrientationLandscapeLeft UIInterfaceOrientationLandscapeRight";
				LD_RUNPATH_SEARCH_PATHS = (
					"$(inherited)",
					"@executable_path/Frameworks",
				);
				MARKETING_VERSION = 1.0;
				PRODUCT_BUNDLE_IDENTIFIER = com.erenkaya.SimpsonsBook;
				PRODUCT_NAME = "$(TARGET_NAME)";
				SWIFT_EMIT_LOC_STRINGS = YES;
				SWIFT_VERSION = 5.0;
				TARGETED_DEVICE_FAMILY = 1;
			};
			name = Debug;
		};
		B015E75327A9C0C800B8CC91 /* Release */ = {
			isa = XCBuildConfiguration;
			buildSettings = {
				ASSETCATALOG_COMPILER_APPICON_NAME = AppIcon;
				ASSETCATALOG_COMPILER_GLOBAL_ACCENT_COLOR_NAME = AccentColor;
				CODE_SIGN_STYLE = Automatic;
				CURRENT_PROJECT_VERSION = 1;
				DEVELOPMENT_TEAM = PY66347PQJ;
				GENERATE_INFOPLIST_FILE = YES;
				INFOPLIST_FILE = SimpsonsBook/Info.plist;
				INFOPLIST_KEY_UIApplicationSupportsIndirectInputEvents = YES;
				INFOPLIST_KEY_UILaunchStoryboardName = LaunchScreen;
				INFOPLIST_KEY_UIMainStoryboardFile = Main;
				INFOPLIST_KEY_UISupportedInterfaceOrientations_iPad = "UIInterfaceOrientationPortrait UIInterfaceOrientationPortraitUpsideDown UIInterfaceOrientationLandscapeLeft UIInterfaceOrientationLandscapeRight";
				INFOPLIST_KEY_UISupportedInterfaceOrientations_iPhone = "UIInterfaceOrientationPortrait UIInterfaceOrientationLandscapeLeft UIInterfaceOrientationLandscapeRight";
				LD_RUNPATH_SEARCH_PATHS = (
					"$(inherited)",
					"@executable_path/Frameworks",
				);
				MARKETING_VERSION = 1.0;
				PRODUCT_BUNDLE_IDENTIFIER = com.erenkaya.SimpsonsBook;
				PRODUCT_NAME = "$(TARGET_NAME)";
				SWIFT_EMIT_LOC_STRINGS = YES;
				SWIFT_VERSION = 5.0;
				TARGETED_DEVICE_FAMILY = 1;
			};
			name = Release;
		};
/* End XCBuildConfiguration section */

/* Begin XCConfigurationList section */
		B015E73827A9C0C200B8CC91 /* Build configuration list for PBXProject "SimpsonsBook" */ = {
			isa = XCConfigurationList;
			buildConfigurations = (
				B015E74F27A9C0C800B8CC91 /* Debug */,
				B015E75027A9C0C800B8CC91 /* Release */,
			);
			defaultConfigurationIsVisible = 0;
			defaultConfigurationName = Release;
		};
		B015E75127A9C0C800B8CC91 /* Build configuration list for PBXNativeTarget "SimpsonsBook" */ = {
			isa = XCConfigurationList;
			buildConfigurations = (
				B015E75227A9C0C800B8CC91 /* Debug */,
				B015E75327A9C0C800B8CC91 /* Release */,
			);
			defaultConfigurationIsVisible = 0;
			defaultConfigurationName = Release;
		};
/* End XCConfigurationList section */
	};
	rootObject = B015E73527A9C0C200B8CC91 /* Project object */;
}
